
Microsoft Visual Studio Solution File, Format Version 12.00
# Visual Studio Version 17
VisualStudioVersion = 17.11.35327.3
MinimumVisualStudioVersion = 10.0.40219.1
Project("{FAE04EC0-301F-11D3-BF4B-00C04F79EFBC}") = "KanekiKen", "KanekiKen.csproj", "{F1BA875F-8C5A-41B7-8312-F8C85E50D23F}"
EndProject
Global
	GlobalSection(SolutionConfigurationPlatforms) = preSolution
		Debug|Any CPU = Debug|Any CPU
		Release|Any CPU = Release|Any CPU
	EndGlobalSection
	GlobalSection(ProjectConfigurationPlatforms) = postSolution
		{F1BA875F-8C5A-41B7-8312-F8C85E50D23F}.Debug|Any CPU.ActiveCfg = Debug|Any CPU
		{F1BA875F-8C5A-41B7-8312-F8C85E50D23F}.Debug|Any CPU.Build.0 = Debug|Any CPU
		{F1BA875F-8C5A-41B7-8312-F8C85E50D23F}.Release|Any CPU.ActiveCfg = Release|Any CPU
		{F1BA875F-8C5A-41B7-8312-F8C85E50D23F}.Release|Any CPU.Build.0 = Release|Any CPU
	EndGlobalSection
	GlobalSection(SolutionProperties) = preSolution
		HideSolutionNode = FALSE
	EndGlobalSection
	GlobalSection(ExtensibilityGlobals) = postSolution
		SolutionGuid = {129F51E9-5F4C-4FD5-9F97-A13C175AB8A3}
	EndGlobalSection
EndGlobal
